
Microsoft Visual Studio Solution File, Format Version 12.00
# Visual Studio Version 16
VisualStudioVersion = 16.0.31613.86
MinimumVisualStudioVersion = 10.0.40219.1
Project("{9A19103F-16F7-4668-BE54-9A1E7A4F7556}") = "MicroSvc.Delivery.Api", "MicroSvc.Delivery.Api\MicroSvc.Delivery.Api.csproj", "{8F4A681F-27E4-4E1C-B430-705E369BDE13}"
EndProject
Project("{9A19103F-16F7-4668-BE54-9A1E7A4F7556}") = "MicroSvc.Delivery.ApplicationService", "MicroSvc.Delivery.ApplicationService\MicroSvc.Delivery.ApplicationService.csproj", "{5693CDE0-59B1-4462-92B4-021EE8E3138C}"
EndProject
Project("{9A19103F-16F7-4668-BE54-9A1E7A4F7556}") = "MicroSvc.Delivery.Domain", "MicroSvc.Delivery.Domain\MicroSvc.Delivery.Domain.csproj", "{3C05688B-AC06-4F8F-8983-F21D54A4B82E}"
EndProject
Project("{9A19103F-16F7-4668-BE54-9A1E7A4F7556}") = "MicroSvc.Delivery.Infrastructure", "MicroSvc.Delivery.Infrastructure\MicroSvc.Delivery.Infrastructure.csproj", "{10C70F1A-FB6C-4529-9EE4-A4E10631E805}"
EndProject
Project("{FAE04EC0-301F-11D3-BF4B-00C04F79EFBC}") = "MicroSvc.Delivery.BackgroundTask", "MicroSvc.Delivery.BackgroundTask\MicroSvc.Delivery.BackgroundTask.csproj", "{355EA74A-51EA-4E2F-8352-D1A0D43DA5C6}"
EndProject
Global
	GlobalSection(SolutionConfigurationPlatforms) = preSolution
		Debug|Any CPU = Debug|Any CPU
		Release|Any CPU = Release|Any CPU
	EndGlobalSection
	GlobalSection(ProjectConfigurationPlatforms) = postSolution
		{8F4A681F-27E4-4E1C-B430-705E369BDE13}.Debug|Any CPU.ActiveCfg = Debug|Any CPU
		{8F4A681F-27E4-4E1C-B430-705E369BDE13}.Debug|Any CPU.Build.0 = Debug|Any CPU
		{8F4A681F-27E4-4E1C-B430-705E369BDE13}.Release|Any CPU.ActiveCfg = Release|Any CPU
		{8F4A681F-27E4-4E1C-B430-705E369BDE13}.Release|Any CPU.Build.0 = Release|Any CPU
		{5693CDE0-59B1-4462-92B4-021EE8E3138C}.Debug|Any CPU.ActiveCfg = Debug|Any CPU
		{5693CDE0-59B1-4462-92B4-021EE8E3138C}.Debug|Any CPU.Build.0 = Debug|Any CPU
		{5693CDE0-59B1-4462-92B4-021EE8E3138C}.Release|Any CPU.ActiveCfg = Release|Any CPU
		{5693CDE0-59B1-4462-92B4-021EE8E3138C}.Release|Any CPU.Build.0 = Release|Any CPU
		{3C05688B-AC06-4F8F-8983-F21D54A4B82E}.Debug|Any CPU.ActiveCfg = Debug|Any CPU
		{3C05688B-AC06-4F8F-8983-F21D54A4B82E}.Debug|Any CPU.Build.0 = Debug|Any CPU
		{3C05688B-AC06-4F8F-8983-F21D54A4B82E}.Release|Any CPU.ActiveCfg = Release|Any CPU
		{3C05688B-AC06-4F8F-8983-F21D54A4B82E}.Release|Any CPU.Build.0 = Release|Any CPU
		{10C70F1A-FB6C-4529-9EE4-A4E10631E805}.Debug|Any CPU.ActiveCfg = Debug|Any CPU
		{10C70F1A-FB6C-4529-9EE4-A4E10631E805}.Debug|Any CPU.Build.0 = Debug|Any CPU
		{10C70F1A-FB6C-4529-9EE4-A4E10631E805}.Release|Any CPU.ActiveCfg = Release|Any CPU
		{10C70F1A-FB6C-4529-9EE4-A4E10631E805}.Release|Any CPU.Build.0 = Release|Any CPU
		{355EA74A-51EA-4E2F-8352-D1A0D43DA5C6}.Debug|Any CPU.ActiveCfg = Debug|Any CPU
		{355EA74A-51EA-4E2F-8352-D1A0D43DA5C6}.Debug|Any CPU.Build.0 = Debug|Any CPU
		{355EA74A-51EA-4E2F-8352-D1A0D43DA5C6}.Release|Any CPU.ActiveCfg = Release|Any CPU
		{355EA74A-51EA-4E2F-8352-D1A0D43DA5C6}.Release|Any CPU.Build.0 = Release|Any CPU
	EndGlobalSection
	GlobalSection(SolutionProperties) = preSolution
		HideSolutionNode = FALSE
	EndGlobalSection
	GlobalSection(ExtensibilityGlobals) = postSolution
		SolutionGuid = {E36A8884-26F1-4DBC-BF79-E123F013A632}
	EndGlobalSection
EndGlobal
